
Microsoft Visual Studio Solution File, Format Version 12.00
# Visual Studio Version 17
VisualStudioVersion = 17.4.33110.190
MinimumVisualStudioVersion = 10.0.40219.1
Project("{FAE04EC0-301F-11D3-BF4B-00C04F79EFBC}") = "Address_Book", "Address_Book.csproj", "{BF7B1492-9F9F-4CAE-93E1-DDE3AE47F367}"
EndProject
Global
	GlobalSection(SolutionConfigurationPlatforms) = preSolution
		Debug|Any CPU = Debug|Any CPU
		Release|Any CPU = Release|Any CPU
	EndGlobalSection
	GlobalSection(ProjectConfigurationPlatforms) = postSolution
		{BF7B1492-9F9F-4CAE-93E1-DDE3AE47F367}.Debug|Any CPU.ActiveCfg = Debug|Any CPU
		{BF7B1492-9F9F-4CAE-93E1-DDE3AE47F367}.Debug|Any CPU.Build.0 = Debug|Any CPU
		{BF7B1492-9F9F-4CAE-93E1-DDE3AE47F367}.Release|Any CPU.ActiveCfg = Release|Any CPU
		{BF7B1492-9F9F-4CAE-93E1-DDE3AE47F367}.Release|Any CPU.Build.0 = Release|Any CPU
	EndGlobalSection
	GlobalSection(SolutionProperties) = preSolution
		HideSolutionNode = FALSE
	EndGlobalSection
	GlobalSection(ExtensibilityGlobals) = postSolution
		SolutionGuid = {E52684BB-EF8B-49B0-BE1C-9FC76444E3A9}
	EndGlobalSection
EndGlobal
